{
  "name": "kinintel",
  "lockfileVersion": 2,
  "requires": true,
  "packages": {
    "": {
      "dependencies": {
        "@revolist/angular-datagrid": "^3.0.52"
      }
    },
    "node_modules/@revolist/angular-datagrid": {
      "version": "3.0.52",
      "resolved": "https://registry.npmjs.org/@revolist/angular-datagrid/-/angular-datagrid-3.0.52.tgz",
      "integrity": "sha512-AEw3ifMXMSJyt87eiBHSpRYmdWU8x9E8J/P6nxWpg1nW7y/p4tQwYY/5FXXRua7JsjOi6zD6IoQeOMH7x1vyAw==",
      "dependencies": {
        "@revolist/revogrid": "^3.0.52",
        "tslib": "^1.9.3"
      }
    },
    "node_modules/@revolist/revogrid": {
      "version": "3.7.0",
      "resolved": "https://registry.npmjs.org/@revolist/revogrid/-/revogrid-3.7.0.tgz",
      "integrity": "sha512-RkZnUzGGdL/zf53lx+OXlF/8cbHENiY9U8ury+r39fUICIq+Cs2zNKp3LZIwgm5gLK3KHTunLvYeqTIPnjAhcQ==",
      "dependencies": {
        "lodash": "^4.17.20"
      }
    },
    "node_modules/lodash": {
      "version": "4.17.21",
      "resolved": "https://registry.npmjs.org/lodash/-/lodash-4.17.21.tgz",
      "integrity": "sha512-v2kDEe57lecTulaDIuNTPy3Ry4gLGJ6Z1O3vE1krgXZNrsQ+LFTGHVxVjcXPs17LhbZVGedAJv8XZ1tvj5FvSg=="
    },
    "node_modules/tslib": {
      "version": "1.14.1",
      "resolved": "https://registry.npmjs.org/tslib/-/tslib-1.14.1.tgz",
      "integrity": "sha512-Xni35NKzjgMrwevysHTCArtLDpPvye8zV/0E4EyYn43P7/7qvQwPh9BGkHewbMulVntbigmcT7rdX3BNo9wRJg=="
    }
  },
  "dependencies": {
    "@revolist/angular-datagrid": {
      "version": "3.0.52",
      "resolved": "https://registry.npmjs.org/@revolist/angular-datagrid/-/angular-datagrid-3.0.52.tgz",
      "integrity": "sha512-AEw3ifMXMSJyt87eiBHSpRYmdWU8x9E8J/P6nxWpg1nW7y/p4tQwYY/5FXXRua7JsjOi6zD6IoQeOMH7x1vyAw==",
      "requires": {
        "@revolist/revogrid": "^3.0.52",
        "tslib": "^1.9.3"
      }
    },
    "@revolist/revogrid": {
      "version": "3.7.0",
      "resolved": "https://registry.npmjs.org/@revolist/revogrid/-/revogrid-3.7.0.tgz",
      "integrity": "sha512-RkZnUzGGdL/zf53lx+OXlF/8cbHENiY9U8ury+r39fUICIq+Cs2zNKp3LZIwgm5gLK3KHTunLvYeqTIPnjAhcQ==",
      "requires": {
        "lodash": "^4.17.20"
      }
    },
    "lodash": {
      "version": "4.17.21",
      "resolved": "https://registry.npmjs.org/lodash/-/lodash-4.17.21.tgz",
      "integrity": "sha512-v2kDEe57lecTulaDIuNTPy3Ry4gLGJ6Z1O3vE1krgXZNrsQ+LFTGHVxVjcXPs17LhbZVGedAJv8XZ1tvj5FvSg=="
    },
    "tslib": {
      "version": "1.14.1",
      "resolved": "https://registry.npmjs.org/tslib/-/tslib-1.14.1.tgz",
      "integrity": "sha512-Xni35NKzjgMrwevysHTCArtLDpPvye8zV/0E4EyYn43P7/7qvQwPh9BGkHewbMulVntbigmcT7rdX3BNo9wRJg=="
    }
  }
}
