{
    "_readme": [
        "This file locks the dependencies of your project to a known state",
        "Read more about it at https://getcomposer.org/doc/01-basic-usage.md#installing-dependencies",
        "This file is @generated automatically"
    ],
    "content-hash": "31942f9fbf3f023b64b70aa69415dc47",
    "packages": [
        {
            "name": "league/uri-parser",
            "version": "1.4.1",
            "source": {
                "type": "git",
                "url": "https://github.com/thephpleague/uri-parser.git",
                "reference": "671548427e4c932352d9b9279fdfa345bf63fa00"
            },
            "dist": {
                "type": "zip",
                "url": "https://api.github.com/repos/thephpleague/uri-parser/zipball/671548427e4c932352d9b9279fdfa345bf63fa00",
                "reference": "671548427e4c932352d9b9279fdfa345bf63fa00",
                "shasum": ""
            },
            "require": {
                "php": ">=7.0.0"
            },
            "require-dev": {
                "friendsofphp/php-cs-fixer": "^2.0",
                "phpstan/phpstan": "^0.9.2",
                "phpstan/phpstan-phpunit": "^0.9.4",
                "phpstan/phpstan-strict-rules": "^0.9.0",
                "phpunit/phpunit": "^6.0"
            },
            "suggest": {
                "ext-intl": "Allow parsing RFC3987 compliant hosts",
                "league/uri-schemes": "Allow validating and normalizing URI parsing results"
            },
            "type": "library",
            "extra": {
                "branch-alias": {
                    "dev-master": "1.x-dev"
                }
            },
            "autoload": {
                "psr-4": {
                    "League\\Uri\\": "src"
                },
                "files": [
                    "src/functions_include.php"
                ]
            },
            "notification-url": "https://packagist.org/downloads/",
            "license": [
                "MIT"
            ],
            "authors": [
                {
                    "name": "Ignace Nyamagana Butera",
                    "email": "nyamsprod@gmail.com",
                    "homepage": "https://nyamsprod.com"
                }
            ],
            "description": "userland URI parser RFC 3986 compliant",
            "homepage": "https://github.com/thephpleague/uri-parser",
            "keywords": [
                "parse_url",
                "parser",
                "rfc3986",
                "rfc3987",
                "uri",
                "url"
            ],
            "support": {
                "issues": "https://github.com/thephpleague/uri-parser/issues",
                "source": "https://github.com/thephpleague/uri-parser/tree/master"
            },
            "time": "2018-11-22T07:55:51+00:00"
        },
        {
            "name": "masterminds/html5",
            "version": "2.7.4",
            "source": {
                "type": "git",
                "url": "https://github.com/Masterminds/html5-php.git",
                "reference": "9227822783c75406cfe400984b2f095cdf03d417"
            },
            "dist": {
                "type": "zip",
                "url": "https://api.github.com/repos/Masterminds/html5-php/zipball/9227822783c75406cfe400984b2f095cdf03d417",
                "reference": "9227822783c75406cfe400984b2f095cdf03d417",
                "shasum": ""
            },
            "require": {
                "ext-ctype": "*",
                "ext-dom": "*",
                "ext-libxml": "*",
                "php": ">=5.3.0"
            },
            "require-dev": {
                "phpunit/phpunit": "^4.8.35"
            },
            "type": "library",
            "extra": {
                "branch-alias": {
                    "dev-master": "2.7-dev"
                }
            },
            "autoload": {
                "psr-4": {
                    "Masterminds\\": "src"
                }
            },
            "notification-url": "https://packagist.org/downloads/",
            "license": [
                "MIT"
            ],
            "authors": [
                {
                    "name": "Matt Butcher",
                    "email": "technosophos@gmail.com"
                },
                {
                    "name": "Matt Farina",
                    "email": "matt@mattfarina.com"
                },
                {
                    "name": "Asmir Mustafic",
                    "email": "goetas@gmail.com"
                }
            ],
            "description": "An HTML5 parser and serializer.",
            "homepage": "http://masterminds.github.io/html5-php",
            "keywords": [
                "HTML5",
                "dom",
                "html",
                "parser",
                "querypath",
                "serializer",
                "xml"
            ],
            "support": {
                "issues": "https://github.com/Masterminds/html5-php/issues",
                "source": "https://github.com/Masterminds/html5-php/tree/2.7.4"
            },
            "time": "2020-10-01T13:52:52+00:00"
        },
        {
            "name": "mustache/mustache",
            "version": "v2.13.0",
            "source": {
                "type": "git",
                "url": "https://github.com/bobthecow/mustache.php.git",
                "reference": "e95c5a008c23d3151d59ea72484d4f72049ab7f4"
            },
            "dist": {
                "type": "zip",
                "url": "https://api.github.com/repos/bobthecow/mustache.php/zipball/e95c5a008c23d3151d59ea72484d4f72049ab7f4",
                "reference": "e95c5a008c23d3151d59ea72484d4f72049ab7f4",
                "shasum": ""
            },
            "require": {
                "php": ">=5.2.4"
            },
            "require-dev": {
                "friendsofphp/php-cs-fixer": "~1.11",
                "phpunit/phpunit": "~3.7|~4.0|~5.0"
            },
            "type": "library",
            "autoload": {
                "psr-0": {
                    "Mustache": "src/"
                }
            },
            "notification-url": "https://packagist.org/downloads/",
            "license": [
                "MIT"
            ],
            "authors": [
                {
                    "name": "Justin Hileman",
                    "email": "justin@justinhileman.info",
                    "homepage": "http://justinhileman.com"
                }
            ],
            "description": "A Mustache implementation in PHP.",
            "homepage": "https://github.com/bobthecow/mustache.php",
            "keywords": [
                "mustache",
                "templating"
            ],
            "support": {
                "issues": "https://github.com/bobthecow/mustache.php/issues",
                "source": "https://github.com/bobthecow/mustache.php/tree/master"
            },
            "time": "2019-11-23T21:40:31+00:00"
        },
        {
            "name": "oxil/kinikit-core",
            "version": "dev-master",
            "source": {
                "type": "git",
                "url": "https://github.com/OxfordInfoLabs/kinikit-core.git",
                "reference": "0b26b30e25e3bafbaf73dc4e87f07a3c7e47eb37"
            },
            "dist": {
                "type": "zip",
                "url": "https://api.github.com/repos/OxfordInfoLabs/kinikit-core/zipball/0b26b30e25e3bafbaf73dc4e87f07a3c7e47eb37",
                "reference": "0b26b30e25e3bafbaf73dc4e87f07a3c7e47eb37",
                "shasum": ""
            },
            "require": {
                "ext-iconv": "*",
                "ext-libxml": "*",
                "ext-mbstring": "*",
                "mustache/mustache": "*",
                "php": "^5.6|^7.0",
                "phpmailer/phpmailer": "^6.0",
                "twig/twig": "*"
            },
            "default-branch": true,
            "type": "library",
            "autoload": {
                "psr-4": {
                    "Kinikit\\Core\\": "src/"
                }
            },
            "notification-url": "https://packagist.org/downloads/",
            "description": "Kinikit - PHP Application development framework",
            "homepage": "https://kinikit.com",
            "keywords": [
                "application",
                "json webservices",
                "mvc",
                "orm",
                "persistence framework",
                "php",
                "webservices"
            ],
            "support": {
                "issues": "https://github.com/OxfordInfoLabs/kinikit-core/issues",
                "source": "https://github.com/OxfordInfoLabs/kinikit-core/tree/master"
            },
            "time": "2021-04-20T13:51:22+00:00"
        },
        {
            "name": "oxil/kinikit-mvc",
            "version": "dev-master",
            "source": {
                "type": "git",
                "url": "https://github.com/OxfordInfoLabs/kinikit-mvc.git",
                "reference": "c1141027ad4344a6942d9924340d5685e91250f9"
            },
            "dist": {
                "type": "zip",
                "url": "https://api.github.com/repos/OxfordInfoLabs/kinikit-mvc/zipball/c1141027ad4344a6942d9924340d5685e91250f9",
                "reference": "c1141027ad4344a6942d9924340d5685e91250f9",
                "shasum": ""
            },
            "require": {
                "oxil/kinikit-core": "dev-master",
                "tgalopin/html-sanitizer": "^1.4"
            },
            "default-branch": true,
            "type": "library",
            "autoload": {
                "psr-4": {
                    "Kinikit\\MVC\\": "src/"
                }
            },
            "notification-url": "https://packagist.org/downloads/",
            "description": "Kinikit - PHP Application development framework MVC component",
            "homepage": "https://kinikit.com",
            "keywords": [
                "application",
                "json webservices",
                "mvc",
                "orm",
                "persistence framework",
                "php",
                "webservices"
            ],
            "support": {
                "issues": "https://github.com/OxfordInfoLabs/kinikit-mvc/issues",
                "source": "https://github.com/OxfordInfoLabs/kinikit-mvc/tree/master"
            },
            "time": "2021-04-20T13:50:59+00:00"
        },
        {
            "name": "oxil/kinikit-persistence",
            "version": "dev-master",
            "source": {
                "type": "git",
                "url": "https://github.com/OxfordInfoLabs/kinikit-persistence.git",
                "reference": "401cc5e7b2159f957d41d8d4a32768d6e306d9e1"
            },
            "dist": {
                "type": "zip",
                "url": "https://api.github.com/repos/OxfordInfoLabs/kinikit-persistence/zipball/401cc5e7b2159f957d41d8d4a32768d6e306d9e1",
                "reference": "401cc5e7b2159f957d41d8d4a32768d6e306d9e1",
                "shasum": ""
            },
            "require": {
                "oxil/kinikit-core": "dev-master"
            },
            "default-branch": true,
            "type": "library",
            "autoload": {
                "psr-4": {
                    "Kinikit\\Persistence\\": "src/"
                }
            },
            "notification-url": "https://packagist.org/downloads/",
            "description": "Kinikit - PHP Application development framework",
            "homepage": "https://kinikit.com",
            "keywords": [
                "application",
                "json webservices",
                "mvc",
                "orm",
                "persistence framework",
                "php",
                "webservices"
            ],
            "support": {
                "issues": "https://github.com/OxfordInfoLabs/kinikit-persistence/issues",
                "source": "https://github.com/OxfordInfoLabs/kinikit-persistence/tree/master"
            },
            "time": "2020-09-24T15:08:17+00:00"
        },
        {
            "name": "phpmailer/phpmailer",
            "version": "v6.4.0",
            "source": {
                "type": "git",
                "url": "https://github.com/PHPMailer/PHPMailer.git",
                "reference": "050d430203105c27c30efd1dce7aa421ad882d01"
            },
            "dist": {
                "type": "zip",
                "url": "https://api.github.com/repos/PHPMailer/PHPMailer/zipball/050d430203105c27c30efd1dce7aa421ad882d01",
                "reference": "050d430203105c27c30efd1dce7aa421ad882d01",
                "shasum": ""
            },
            "require": {
                "ext-ctype": "*",
                "ext-filter": "*",
                "ext-hash": "*",
                "php": ">=5.5.0"
            },
            "require-dev": {
                "dealerdirect/phpcodesniffer-composer-installer": "^0.7.0",
                "doctrine/annotations": "^1.2",
                "phpcompatibility/php-compatibility": "^9.3.5",
                "roave/security-advisories": "dev-latest",
                "squizlabs/php_codesniffer": "^3.5.6",
                "yoast/phpunit-polyfills": "^0.2.0"
            },
            "suggest": {
                "ext-mbstring": "Needed to send email in multibyte encoding charset or decode encoded addresses",
                "hayageek/oauth2-yahoo": "Needed for Yahoo XOAUTH2 authentication",
                "league/oauth2-google": "Needed for Google XOAUTH2 authentication",
                "psr/log": "For optional PSR-3 debug logging",
                "stevenmaguire/oauth2-microsoft": "Needed for Microsoft XOAUTH2 authentication",
                "symfony/polyfill-mbstring": "To support UTF-8 if the Mbstring PHP extension is not enabled (^1.2)"
            },
            "type": "library",
            "autoload": {
                "psr-4": {
                    "PHPMailer\\PHPMailer\\": "src/"
                }
            },
            "notification-url": "https://packagist.org/downloads/",
            "license": [
                "LGPL-2.1-only"
            ],
            "authors": [
                {
                    "name": "Marcus Bointon",
                    "email": "phpmailer@synchromedia.co.uk"
                },
                {
                    "name": "Jim Jagielski",
                    "email": "jimjag@gmail.com"
                },
                {
                    "name": "Andy Prevost",
                    "email": "codeworxtech@users.sourceforge.net"
                },
                {
                    "name": "Brent R. Matzelle"
                }
            ],
            "description": "PHPMailer is a full-featured email creation and transfer class for PHP",
            "support": {
                "issues": "https://github.com/PHPMailer/PHPMailer/issues",
                "source": "https://github.com/PHPMailer/PHPMailer/tree/v6.4.0"
            },
            "funding": [
                {
                    "url": "https://github.com/Synchro",
                    "type": "github"
                }
            ],
            "time": "2021-03-31T20:06:42+00:00"
        },
        {
            "name": "psr/log",
            "version": "1.1.3",
            "source": {
                "type": "git",
                "url": "https://github.com/php-fig/log.git",
                "reference": "0f73288fd15629204f9d42b7055f72dacbe811fc"
            },
            "dist": {
                "type": "zip",
                "url": "https://api.github.com/repos/php-fig/log/zipball/0f73288fd15629204f9d42b7055f72dacbe811fc",
                "reference": "0f73288fd15629204f9d42b7055f72dacbe811fc",
                "shasum": ""
            },
            "require": {
                "php": ">=5.3.0"
            },
            "type": "library",
            "extra": {
                "branch-alias": {
                    "dev-master": "1.1.x-dev"
                }
            },
            "autoload": {
                "psr-4": {
                    "Psr\\Log\\": "Psr/Log/"
                }
            },
            "notification-url": "https://packagist.org/downloads/",
            "license": [
                "MIT"
            ],
            "authors": [
                {
                    "name": "PHP-FIG",
                    "homepage": "http://www.php-fig.org/"
                }
            ],
            "description": "Common interface for logging libraries",
            "homepage": "https://github.com/php-fig/log",
            "keywords": [
                "log",
                "psr",
                "psr-3"
            ],
            "support": {
                "source": "https://github.com/php-fig/log/tree/1.1.3"
            },
            "time": "2020-03-23T09:12:05+00:00"
        },
        {
            "name": "symfony/polyfill-ctype",
            "version": "v1.22.1",
            "source": {
                "type": "git",
                "url": "https://github.com/symfony/polyfill-ctype.git",
                "reference": "c6c942b1ac76c82448322025e084cadc56048b4e"
            },
            "dist": {
                "type": "zip",
                "url": "https://api.github.com/repos/symfony/polyfill-ctype/zipball/c6c942b1ac76c82448322025e084cadc56048b4e",
                "reference": "c6c942b1ac76c82448322025e084cadc56048b4e",
                "shasum": ""
            },
            "require": {
                "php": ">=7.1"
            },
            "suggest": {
                "ext-ctype": "For best performance"
            },
            "type": "library",
            "extra": {
                "branch-alias": {
                    "dev-main": "1.22-dev"
                },
                "thanks": {
                    "name": "symfony/polyfill",
                    "url": "https://github.com/symfony/polyfill"
                }
            },
            "autoload": {
                "psr-4": {
                    "Symfony\\Polyfill\\Ctype\\": ""
                },
                "files": [
                    "bootstrap.php"
                ]
            },
            "notification-url": "https://packagist.org/downloads/",
            "license": [
                "MIT"
            ],
            "authors": [
                {
                    "name": "Gert de Pagter",
                    "email": "BackEndTea@gmail.com"
                },
                {
                    "name": "Symfony Community",
                    "homepage": "https://symfony.com/contributors"
                }
            ],
            "description": "Symfony polyfill for ctype functions",
            "homepage": "https://symfony.com",
            "keywords": [
                "compatibility",
                "ctype",
                "polyfill",
                "portable"
            ],
            "support": {
                "source": "https://github.com/symfony/polyfill-ctype/tree/v1.22.1"
            },
            "funding": [
                {
                    "url": "https://symfony.com/sponsor",
                    "type": "custom"
                },
                {
                    "url": "https://github.com/fabpot",
                    "type": "github"
                },
                {
                    "url": "https://tidelift.com/funding/github/packagist/symfony/symfony",
                    "type": "tidelift"
                }
            ],
            "time": "2021-01-07T16:49:33+00:00"
        },
        {
            "name": "symfony/polyfill-mbstring",
            "version": "v1.22.1",
            "source": {
                "type": "git",
                "url": "https://github.com/symfony/polyfill-mbstring.git",
                "reference": "5232de97ee3b75b0360528dae24e73db49566ab1"
            },
            "dist": {
                "type": "zip",
                "url": "https://api.github.com/repos/symfony/polyfill-mbstring/zipball/5232de97ee3b75b0360528dae24e73db49566ab1",
                "reference": "5232de97ee3b75b0360528dae24e73db49566ab1",
                "shasum": ""
            },
            "require": {
                "php": ">=7.1"
            },
            "suggest": {
                "ext-mbstring": "For best performance"
            },
            "type": "library",
            "extra": {
                "branch-alias": {
                    "dev-main": "1.22-dev"
                },
                "thanks": {
                    "name": "symfony/polyfill",
                    "url": "https://github.com/symfony/polyfill"
                }
            },
            "autoload": {
                "psr-4": {
                    "Symfony\\Polyfill\\Mbstring\\": ""
                },
                "files": [
                    "bootstrap.php"
                ]
            },
            "notification-url": "https://packagist.org/downloads/",
            "license": [
                "MIT"
            ],
            "authors": [
                {
                    "name": "Nicolas Grekas",
                    "email": "p@tchwork.com"
                },
                {
                    "name": "Symfony Community",
                    "homepage": "https://symfony.com/contributors"
                }
            ],
            "description": "Symfony polyfill for the Mbstring extension",
            "homepage": "https://symfony.com",
            "keywords": [
                "compatibility",
                "mbstring",
                "polyfill",
                "portable",
                "shim"
            ],
            "support": {
                "source": "https://github.com/symfony/polyfill-mbstring/tree/v1.22.1"
            },
            "funding": [
                {
                    "url": "https://symfony.com/sponsor",
                    "type": "custom"
                },
                {
                    "url": "https://github.com/fabpot",
                    "type": "github"
                },
                {
                    "url": "https://tidelift.com/funding/github/packagist/symfony/symfony",
                    "type": "tidelift"
                }
            ],
            "time": "2021-01-22T09:19:47+00:00"
        },
        {
            "name": "tgalopin/html-sanitizer",
            "version": "1.4.0",
            "source": {
                "type": "git",
                "url": "https://github.com/tgalopin/html-sanitizer.git",
                "reference": "56cca6b48de4e50d16a4f549e3e677ae0d561e91"
            },
            "dist": {
                "type": "zip",
                "url": "https://api.github.com/repos/tgalopin/html-sanitizer/zipball/56cca6b48de4e50d16a4f549e3e677ae0d561e91",
                "reference": "56cca6b48de4e50d16a4f549e3e677ae0d561e91",
                "shasum": ""
            },
            "require": {
                "ext-dom": "*",
                "league/uri-parser": "^1.4.1",
                "masterminds/html5": "^2.4",
                "php": ">=7.1",
                "psr/log": "^1.0"
            },
            "require-dev": {
                "phpunit/phpunit": "^7.4",
                "symfony/var-dumper": "^4.1"
            },
            "type": "library",
            "autoload": {
                "psr-4": {
                    "HtmlSanitizer\\": "src"
                }
            },
            "notification-url": "https://packagist.org/downloads/",
            "license": [
                "MIT"
            ],
            "authors": [
                {
                    "name": "Titouan Galopin",
                    "email": "galopintitouan@gmail.com"
                }
            ],
            "description": "Sanitize untrustworthy HTML user input",
            "support": {
                "issues": "https://github.com/tgalopin/html-sanitizer/issues",
                "source": "https://github.com/tgalopin/html-sanitizer/tree/master"
            },
            "time": "2020-02-03T16:51:08+00:00"
        },
        {
            "name": "twig/twig",
            "version": "v3.3.0",
            "source": {
                "type": "git",
                "url": "https://github.com/twigphp/Twig.git",
                "reference": "1f3b7e2c06cc05d42936a8ad508ff1db7975cdc5"
            },
            "dist": {
                "type": "zip",
                "url": "https://api.github.com/repos/twigphp/Twig/zipball/1f3b7e2c06cc05d42936a8ad508ff1db7975cdc5",
                "reference": "1f3b7e2c06cc05d42936a8ad508ff1db7975cdc5",
                "shasum": ""
            },
            "require": {
                "php": ">=7.2.5",
                "symfony/polyfill-ctype": "^1.8",
                "symfony/polyfill-mbstring": "^1.3"
            },
            "require-dev": {
                "psr/container": "^1.0",
                "symfony/phpunit-bridge": "^4.4.9|^5.0.9"
            },
            "type": "library",
            "extra": {
                "branch-alias": {
                    "dev-master": "3.3-dev"
                }
            },
            "autoload": {
                "psr-4": {
                    "Twig\\": "src/"
                }
            },
            "notification-url": "https://packagist.org/downloads/",
            "license": [
                "BSD-3-Clause"
            ],
            "authors": [
                {
                    "name": "Fabien Potencier",
                    "email": "fabien@symfony.com",
                    "homepage": "http://fabien.potencier.org",
                    "role": "Lead Developer"
                },
                {
                    "name": "Twig Team",
                    "role": "Contributors"
                },
                {
                    "name": "Armin Ronacher",
                    "email": "armin.ronacher@active-4.com",
                    "role": "Project Founder"
                }
            ],
            "description": "Twig, the flexible, fast, and secure template language for PHP",
            "homepage": "https://twig.symfony.com",
            "keywords": [
                "templating"
            ],
            "support": {
                "issues": "https://github.com/twigphp/Twig/issues",
                "source": "https://github.com/twigphp/Twig/tree/v3.3.0"
            },
            "funding": [
                {
                    "url": "https://github.com/fabpot",
                    "type": "github"
                },
                {
                    "url": "https://tidelift.com/funding/github/packagist/twig/twig",
                    "type": "tidelift"
                }
            ],
            "time": "2021-02-08T09:54:36+00:00"
        }
    ],
    "packages-dev": [],
    "aliases": [],
    "minimum-stability": "stable",
    "stability-flags": {
        "oxil/kinikit-core": 20,
        "oxil/kinikit-mvc": 20,
        "oxil/kinikit-persistence": 20
    },
    "prefer-stable": false,
    "prefer-lowest": false,
    "platform": [],
    "platform-dev": [],
    "plugin-api-version": "2.0.0"
}
